
Microsoft Visual Studio Solution File, Format Version 12.00
# Visual Studio Version 17
VisualStudioVersion = 17.7.34202.233
MinimumVisualStudioVersion = 10.0.40219.1
Project("{FAE04EC0-301F-11D3-BF4B-00C04F79EFBC}") = "prolab2_projeee", "prolab2_projeee\prolab2_projeee.csproj", "{AF95FEB7-AB71-429B-B152-7EF258908890}"
EndProject
Global
	GlobalSection(SolutionConfigurationPlatforms) = preSolution
		Debug|Any CPU = Debug|Any CPU
		Release|Any CPU = Release|Any CPU
	EndGlobalSection
	GlobalSection(ProjectConfigurationPlatforms) = postSolution
		{AF95FEB7-AB71-429B-B152-7EF258908890}.Debug|Any CPU.ActiveCfg = Debug|Any CPU
		{AF95FEB7-AB71-429B-B152-7EF258908890}.Debug|Any CPU.Build.0 = Debug|Any CPU
		{AF95FEB7-AB71-429B-B152-7EF258908890}.Release|Any CPU.ActiveCfg = Release|Any CPU
		{AF95FEB7-AB71-429B-B152-7EF258908890}.Release|Any CPU.Build.0 = Release|Any CPU
	EndGlobalSection
	GlobalSection(SolutionProperties) = preSolution
		HideSolutionNode = FALSE
	EndGlobalSection
	GlobalSection(ExtensibilityGlobals) = postSolution
		SolutionGuid = {3865B408-2224-4095-8A06-F61ACAB5E992}
	EndGlobalSection
EndGlobal
